
Microsoft Visual Studio Solution File, Format Version 12.00
# Visual Studio Version 16
VisualStudioVersion = 16.0.31911.196
MinimumVisualStudioVersion = 10.0.40219.1
Project("{9A19103F-16F7-4668-BE54-9A1E7A4F7556}") = "PD011.TestApp", "PD011.TestApp\PD011.TestApp.csproj", "{620285F2-079A-41D7-9711-766633DA1E45}"
EndProject
Project("{FAE04EC0-301F-11D3-BF4B-00C04F79EFBC}") = "PD011.App", "PD011.App\PD011.App.csproj", "{00CD5D65-6E7B-46B5-A5A7-01BD1FD5B598}"
EndProject
Global
	GlobalSection(SolutionConfigurationPlatforms) = preSolution
		Debug|Any CPU = Debug|Any CPU
		Release|Any CPU = Release|Any CPU
	EndGlobalSection
	GlobalSection(ProjectConfigurationPlatforms) = postSolution
		{620285F2-079A-41D7-9711-766633DA1E45}.Debug|Any CPU.ActiveCfg = Debug|Any CPU
		{620285F2-079A-41D7-9711-766633DA1E45}.Debug|Any CPU.Build.0 = Debug|Any CPU
		{620285F2-079A-41D7-9711-766633DA1E45}.Release|Any CPU.ActiveCfg = Release|Any CPU
		{620285F2-079A-41D7-9711-766633DA1E45}.Release|Any CPU.Build.0 = Release|Any CPU
		{00CD5D65-6E7B-46B5-A5A7-01BD1FD5B598}.Debug|Any CPU.ActiveCfg = Debug|Any CPU
		{00CD5D65-6E7B-46B5-A5A7-01BD1FD5B598}.Debug|Any CPU.Build.0 = Debug|Any CPU
		{00CD5D65-6E7B-46B5-A5A7-01BD1FD5B598}.Release|Any CPU.ActiveCfg = Release|Any CPU
		{00CD5D65-6E7B-46B5-A5A7-01BD1FD5B598}.Release|Any CPU.Build.0 = Release|Any CPU
	EndGlobalSection
	GlobalSection(SolutionProperties) = preSolution
		HideSolutionNode = FALSE
	EndGlobalSection
	GlobalSection(ExtensibilityGlobals) = postSolution
		SolutionGuid = {A31E1B3C-306F-47C2-BACF-9176E674EFF0}
	EndGlobalSection
EndGlobal
